
Microsoft Visual Studio Solution File, Format Version 12.00
# Visual Studio Version 17
VisualStudioVersion = 17.11.35327.3
MinimumVisualStudioVersion = 10.0.40219.1
Project("{2150E333-8FDC-42A3-9474-1A3956D46DE8}") = "Services", "Services", "{3A20075D-DCD9-47B0-84FB-E6DE8A7F3C72}"
EndProject
Project("{2150E333-8FDC-42A3-9474-1A3956D46DE8}") = "Catalog", "Catalog", "{D80C4F7A-75BA-4A13-A5FC-F7397281E06B}"
EndProject
Project("{9A19103F-16F7-4668-BE54-9A1E7A4F7556}") = "MultiShop.Catalog", "Services\Catalog\MultiShop.Catalog\MultiShop.Catalog.csproj", "{75EE258D-603E-40B7-8EFC-34EDCFB8026D}"
EndProject
Project("{2150E333-8FDC-42A3-9474-1A3956D46DE8}") = "Discount", "Discount", "{D5FB1DAC-52A2-426A-B0DB-6D388048E8F7}"
EndProject
Project("{FAE04EC0-301F-11D3-BF4B-00C04F79EFBC}") = "MultiShop.Discount", "Services\Discount\MultiShop.Discount\MultiShop.Discount.csproj", "{0174B8C4-8DD8-425D-87DE-21D7FE5D667A}"
EndProject
Global
	GlobalSection(SolutionConfigurationPlatforms) = preSolution
		Debug|Any CPU = Debug|Any CPU
		Release|Any CPU = Release|Any CPU
	EndGlobalSection
	GlobalSection(ProjectConfigurationPlatforms) = postSolution
		{75EE258D-603E-40B7-8EFC-34EDCFB8026D}.Debug|Any CPU.ActiveCfg = Debug|Any CPU
		{75EE258D-603E-40B7-8EFC-34EDCFB8026D}.Debug|Any CPU.Build.0 = Debug|Any CPU
		{75EE258D-603E-40B7-8EFC-34EDCFB8026D}.Release|Any CPU.ActiveCfg = Release|Any CPU
		{75EE258D-603E-40B7-8EFC-34EDCFB8026D}.Release|Any CPU.Build.0 = Release|Any CPU
		{0174B8C4-8DD8-425D-87DE-21D7FE5D667A}.Debug|Any CPU.ActiveCfg = Debug|Any CPU
		{0174B8C4-8DD8-425D-87DE-21D7FE5D667A}.Debug|Any CPU.Build.0 = Debug|Any CPU
		{0174B8C4-8DD8-425D-87DE-21D7FE5D667A}.Release|Any CPU.ActiveCfg = Release|Any CPU
		{0174B8C4-8DD8-425D-87DE-21D7FE5D667A}.Release|Any CPU.Build.0 = Release|Any CPU
	EndGlobalSection
	GlobalSection(SolutionProperties) = preSolution
		HideSolutionNode = FALSE
	EndGlobalSection
	GlobalSection(NestedProjects) = preSolution
		{D80C4F7A-75BA-4A13-A5FC-F7397281E06B} = {3A20075D-DCD9-47B0-84FB-E6DE8A7F3C72}
		{75EE258D-603E-40B7-8EFC-34EDCFB8026D} = {D80C4F7A-75BA-4A13-A5FC-F7397281E06B}
		{D5FB1DAC-52A2-426A-B0DB-6D388048E8F7} = {3A20075D-DCD9-47B0-84FB-E6DE8A7F3C72}
		{0174B8C4-8DD8-425D-87DE-21D7FE5D667A} = {D5FB1DAC-52A2-426A-B0DB-6D388048E8F7}
	EndGlobalSection
	GlobalSection(ExtensibilityGlobals) = postSolution
		SolutionGuid = {EA9F8CB2-3592-438A-AB95-AEA915371366}
	EndGlobalSection
EndGlobal
