
Microsoft Visual Studio Solution File, Format Version 12.00
# Visual Studio Version 17
VisualStudioVersion = 17.11.35327.3
MinimumVisualStudioVersion = 10.0.40219.1
Project("{2150E333-8FDC-42A3-9474-1A3956D46DE8}") = "Services", "Services", "{3A20075D-DCD9-47B0-84FB-E6DE8A7F3C72}"
EndProject
Project("{2150E333-8FDC-42A3-9474-1A3956D46DE8}") = "Catalog", "Catalog", "{D80C4F7A-75BA-4A13-A5FC-F7397281E06B}"
EndProject
Project("{9A19103F-16F7-4668-BE54-9A1E7A4F7556}") = "MultiShop.Catalog", "Services\Catalog\MultiShop.Catalog\MultiShop.Catalog.csproj", "{75EE258D-603E-40B7-8EFC-34EDCFB8026D}"
EndProject
Project("{2150E333-8FDC-42A3-9474-1A3956D46DE8}") = "Discount", "Discount", "{D5FB1DAC-52A2-426A-B0DB-6D388048E8F7}"
EndProject
Project("{9A19103F-16F7-4668-BE54-9A1E7A4F7556}") = "MultiShop.Discount", "Services\Discount\MultiShop.Discount\MultiShop.Discount.csproj", "{0174B8C4-8DD8-425D-87DE-21D7FE5D667A}"
EndProject
Project("{2150E333-8FDC-42A3-9474-1A3956D46DE8}") = "Order", "Order", "{2A34756A-3BEE-4E38-B10B-6607A6F3B241}"
EndProject
Project("{2150E333-8FDC-42A3-9474-1A3956D46DE8}") = "Core", "Core", "{C3E8E8A3-D7E8-414F-AF01-DC38820F96F4}"
EndProject
Project("{2150E333-8FDC-42A3-9474-1A3956D46DE8}") = "Infrastructure", "Infrastructure", "{350C9765-5B51-4EC8-84C4-0189A9CEF03F}"
EndProject
Project("{2150E333-8FDC-42A3-9474-1A3956D46DE8}") = "Presentation", "Presentation", "{CA336CA9-7EC8-4B9C-9A1F-76A26DB5708F}"
EndProject
Project("{FAE04EC0-301F-11D3-BF4B-00C04F79EFBC}") = "MultiShop.Order.Domain", "Services\Order\Core\MultiShop.Order.Domain\MultiShop.Order.Domain.csproj", "{07C49073-B30B-4BAC-ACBF-9E1080F40BC7}"
EndProject
Project("{FAE04EC0-301F-11D3-BF4B-00C04F79EFBC}") = "MultiShop.Order.Application", "Services\Order\Core\MultiShop.Order.Application\MultiShop.Order.Application.csproj", "{2EBF3EED-4595-4544-A8BA-A4DAAD103981}"
EndProject
Project("{FAE04EC0-301F-11D3-BF4B-00C04F79EFBC}") = "MultiShop.Order.Persistence", "Services\Order\Infrastructure\MultiShop.Order.Persistence\MultiShop.Order.Persistence.csproj", "{AD15851D-BA0D-4141-B103-3A245339EA2A}"
EndProject
Project("{FAE04EC0-301F-11D3-BF4B-00C04F79EFBC}") = "MultiShop.Order.WebApi", "Services\Order\Presentation\MultiShop.Order.WebApi\MultiShop.Order.WebApi.csproj", "{22484238-4873-4CCC-8D75-8E8CCC6FFB43}"
EndProject
Project("{2150E333-8FDC-42A3-9474-1A3956D46DE8}") = "IdentityServer", "IdentityServer", "{A6008915-8E3F-4DE4-99B9-5C222DAE3BD1}"
EndProject
Project("{FAE04EC0-301F-11D3-BF4B-00C04F79EFBC}") = "MultiShop.IdentityServer", "IdentityServer\MultiShop.IdentityServer\MultiShop.IdentityServer.csproj", "{6B9CC450-06AE-46F6-A12C-F3A3FDCE8838}"
EndProject
Global
	GlobalSection(SolutionConfigurationPlatforms) = preSolution
		Debug|Any CPU = Debug|Any CPU
		Release|Any CPU = Release|Any CPU
	EndGlobalSection
	GlobalSection(ProjectConfigurationPlatforms) = postSolution
		{75EE258D-603E-40B7-8EFC-34EDCFB8026D}.Debug|Any CPU.ActiveCfg = Debug|Any CPU
		{75EE258D-603E-40B7-8EFC-34EDCFB8026D}.Debug|Any CPU.Build.0 = Debug|Any CPU
		{75EE258D-603E-40B7-8EFC-34EDCFB8026D}.Release|Any CPU.ActiveCfg = Release|Any CPU
		{75EE258D-603E-40B7-8EFC-34EDCFB8026D}.Release|Any CPU.Build.0 = Release|Any CPU
		{0174B8C4-8DD8-425D-87DE-21D7FE5D667A}.Debug|Any CPU.ActiveCfg = Debug|Any CPU
		{0174B8C4-8DD8-425D-87DE-21D7FE5D667A}.Debug|Any CPU.Build.0 = Debug|Any CPU
		{0174B8C4-8DD8-425D-87DE-21D7FE5D667A}.Release|Any CPU.ActiveCfg = Release|Any CPU
		{0174B8C4-8DD8-425D-87DE-21D7FE5D667A}.Release|Any CPU.Build.0 = Release|Any CPU
		{07C49073-B30B-4BAC-ACBF-9E1080F40BC7}.Debug|Any CPU.ActiveCfg = Debug|Any CPU
		{07C49073-B30B-4BAC-ACBF-9E1080F40BC7}.Debug|Any CPU.Build.0 = Debug|Any CPU
		{07C49073-B30B-4BAC-ACBF-9E1080F40BC7}.Release|Any CPU.ActiveCfg = Release|Any CPU
		{07C49073-B30B-4BAC-ACBF-9E1080F40BC7}.Release|Any CPU.Build.0 = Release|Any CPU
		{2EBF3EED-4595-4544-A8BA-A4DAAD103981}.Debug|Any CPU.ActiveCfg = Debug|Any CPU
		{2EBF3EED-4595-4544-A8BA-A4DAAD103981}.Debug|Any CPU.Build.0 = Debug|Any CPU
		{2EBF3EED-4595-4544-A8BA-A4DAAD103981}.Release|Any CPU.ActiveCfg = Release|Any CPU
		{2EBF3EED-4595-4544-A8BA-A4DAAD103981}.Release|Any CPU.Build.0 = Release|Any CPU
		{AD15851D-BA0D-4141-B103-3A245339EA2A}.Debug|Any CPU.ActiveCfg = Debug|Any CPU
		{AD15851D-BA0D-4141-B103-3A245339EA2A}.Debug|Any CPU.Build.0 = Debug|Any CPU
		{AD15851D-BA0D-4141-B103-3A245339EA2A}.Release|Any CPU.ActiveCfg = Release|Any CPU
		{AD15851D-BA0D-4141-B103-3A245339EA2A}.Release|Any CPU.Build.0 = Release|Any CPU
		{22484238-4873-4CCC-8D75-8E8CCC6FFB43}.Debug|Any CPU.ActiveCfg = Debug|Any CPU
		{22484238-4873-4CCC-8D75-8E8CCC6FFB43}.Debug|Any CPU.Build.0 = Debug|Any CPU
		{22484238-4873-4CCC-8D75-8E8CCC6FFB43}.Release|Any CPU.ActiveCfg = Release|Any CPU
		{22484238-4873-4CCC-8D75-8E8CCC6FFB43}.Release|Any CPU.Build.0 = Release|Any CPU
		{6B9CC450-06AE-46F6-A12C-F3A3FDCE8838}.Debug|Any CPU.ActiveCfg = Debug|Any CPU
		{6B9CC450-06AE-46F6-A12C-F3A3FDCE8838}.Debug|Any CPU.Build.0 = Debug|Any CPU
		{6B9CC450-06AE-46F6-A12C-F3A3FDCE8838}.Release|Any CPU.ActiveCfg = Release|Any CPU
		{6B9CC450-06AE-46F6-A12C-F3A3FDCE8838}.Release|Any CPU.Build.0 = Release|Any CPU
	EndGlobalSection
	GlobalSection(SolutionProperties) = preSolution
		HideSolutionNode = FALSE
	EndGlobalSection
	GlobalSection(NestedProjects) = preSolution
		{D80C4F7A-75BA-4A13-A5FC-F7397281E06B} = {3A20075D-DCD9-47B0-84FB-E6DE8A7F3C72}
		{75EE258D-603E-40B7-8EFC-34EDCFB8026D} = {D80C4F7A-75BA-4A13-A5FC-F7397281E06B}
		{D5FB1DAC-52A2-426A-B0DB-6D388048E8F7} = {3A20075D-DCD9-47B0-84FB-E6DE8A7F3C72}
		{0174B8C4-8DD8-425D-87DE-21D7FE5D667A} = {D5FB1DAC-52A2-426A-B0DB-6D388048E8F7}
		{2A34756A-3BEE-4E38-B10B-6607A6F3B241} = {3A20075D-DCD9-47B0-84FB-E6DE8A7F3C72}
		{C3E8E8A3-D7E8-414F-AF01-DC38820F96F4} = {2A34756A-3BEE-4E38-B10B-6607A6F3B241}
		{350C9765-5B51-4EC8-84C4-0189A9CEF03F} = {2A34756A-3BEE-4E38-B10B-6607A6F3B241}
		{CA336CA9-7EC8-4B9C-9A1F-76A26DB5708F} = {2A34756A-3BEE-4E38-B10B-6607A6F3B241}
		{07C49073-B30B-4BAC-ACBF-9E1080F40BC7} = {C3E8E8A3-D7E8-414F-AF01-DC38820F96F4}
		{2EBF3EED-4595-4544-A8BA-A4DAAD103981} = {C3E8E8A3-D7E8-414F-AF01-DC38820F96F4}
		{AD15851D-BA0D-4141-B103-3A245339EA2A} = {350C9765-5B51-4EC8-84C4-0189A9CEF03F}
		{22484238-4873-4CCC-8D75-8E8CCC6FFB43} = {CA336CA9-7EC8-4B9C-9A1F-76A26DB5708F}
		{6B9CC450-06AE-46F6-A12C-F3A3FDCE8838} = {A6008915-8E3F-4DE4-99B9-5C222DAE3BD1}
	EndGlobalSection
	GlobalSection(ExtensibilityGlobals) = postSolution
		SolutionGuid = {EA9F8CB2-3592-438A-AB95-AEA915371366}
	EndGlobalSection
EndGlobal
